{
  "name": "cli",
  "version": "1.0.0",
  "lockfileVersion": 2,
  "requires": true,
  "packages": {
    "": {
      "name": "cli",
      "version": "1.0.0",
      "license": "ISC",
      "dependencies": {
        "commander": "^10.0.0",
        "console-table-printer": "^2.11.1"
      },
      "bin": {
        "ucdlib-iam": "bin/ucdlib-iam.js"
      }
    },
    "node_modules/commander": {
      "version": "10.0.0",
      "resolved": "https://registry.npmjs.org/commander/-/commander-10.0.0.tgz",
      "integrity": "sha512-zS5PnTI22FIRM6ylNW8G4Ap0IEOyk62fhLSD0+uHRT9McRCLGpkVNvao4bjimpK/GShynyQkFFxHhwMcETmduA==",
      "engines": {
        "node": ">=14"
      }
    },
    "node_modules/console-table-printer": {
      "version": "2.11.1",
      "resolved": "https://registry.npmjs.org/console-table-printer/-/console-table-printer-2.11.1.tgz",
      "integrity": "sha512-8LfFpbF/BczoxPwo2oltto5bph8bJkGOATXsg3E9ddMJOGnWJciKHldx2zDj5XIBflaKzPfVCjOTl6tMh7lErg==",
      "dependencies": {
        "simple-wcswidth": "^1.0.1"
      }
    },
    "node_modules/simple-wcswidth": {
      "version": "1.0.1",
      "resolved": "https://registry.npmjs.org/simple-wcswidth/-/simple-wcswidth-1.0.1.tgz",
      "integrity": "sha512-xMO/8eNREtaROt7tJvWJqHBDTMFN4eiQ5I4JRMuilwfnFcV5W9u7RUkueNkdw0jPqGMX36iCywelS5yilTuOxg=="
    }
  },
  "dependencies": {
    "commander": {
      "version": "10.0.0",
      "resolved": "https://registry.npmjs.org/commander/-/commander-10.0.0.tgz",
      "integrity": "sha512-zS5PnTI22FIRM6ylNW8G4Ap0IEOyk62fhLSD0+uHRT9McRCLGpkVNvao4bjimpK/GShynyQkFFxHhwMcETmduA=="
    },
    "console-table-printer": {
      "version": "2.11.1",
      "resolved": "https://registry.npmjs.org/console-table-printer/-/console-table-printer-2.11.1.tgz",
      "integrity": "sha512-8LfFpbF/BczoxPwo2oltto5bph8bJkGOATXsg3E9ddMJOGnWJciKHldx2zDj5XIBflaKzPfVCjOTl6tMh7lErg==",
      "requires": {
        "simple-wcswidth": "^1.0.1"
      }
    },
    "simple-wcswidth": {
      "version": "1.0.1",
      "resolved": "https://registry.npmjs.org/simple-wcswidth/-/simple-wcswidth-1.0.1.tgz",
      "integrity": "sha512-xMO/8eNREtaROt7tJvWJqHBDTMFN4eiQ5I4JRMuilwfnFcV5W9u7RUkueNkdw0jPqGMX36iCywelS5yilTuOxg=="
    }
  }
}
